
Microsoft Visual Studio Solution File, Format Version 12.00
# Visual Studio 15
VisualStudioVersion = 15.0.26430.6
MinimumVisualStudioVersion = 10.0.40219.1
Project("{8BC9CEB8-8B4A-11D0-8D11-00A0C91BC942}") = "KML2Waypoints", "KML2Waypoints.vcxproj", "{88EE205C-7EB2-4DA6-825A-ACAF1A3734DD}"
EndProject
Global
	GlobalSection(SolutionConfigurationPlatforms) = preSolution
		Debug|x86 = Debug|x86
		Release|x86 = Release|x86
	EndGlobalSection
	GlobalSection(ProjectConfigurationPlatforms) = postSolution
		{88EE205C-7EB2-4DA6-825A-ACAF1A3734DD}.Debug|x86.ActiveCfg = Debug|Win32
		{88EE205C-7EB2-4DA6-825A-ACAF1A3734DD}.Debug|x86.Build.0 = Debug|Win32
		{88EE205C-7EB2-4DA6-825A-ACAF1A3734DD}.Release|x86.ActiveCfg = Release|Win32
		{88EE205C-7EB2-4DA6-825A-ACAF1A3734DD}.Release|x86.Build.0 = Release|Win32
	EndGlobalSection
	GlobalSection(SolutionProperties) = preSolution
		HideSolutionNode = FALSE
	EndGlobalSection
EndGlobal
